
Microsoft Visual Studio Solution File, Format Version 12.00
# Visual Studio Version 16
VisualStudioVersion = 16.0.31005.135
MinimumVisualStudioVersion = 10.0.40219.1
Project("{9A19103F-16F7-4668-BE54-9A1E7A4F7556}") = "PasswordCrackerDestributed", "PasswordCrackerDestributed\PasswordCrackerDestributed.csproj", "{5D634C83-D233-4F41-B0EF-90E2CF087F07}"
EndProject
Project("{9A19103F-16F7-4668-BE54-9A1E7A4F7556}") = "Slave1", "Slave1\Slave1.csproj", "{BED75067-3B06-4057-A49E-84A864BD45CA}"
EndProject
Project("{FAE04EC0-301F-11D3-BF4B-00C04F79EFBC}") = "PasswordLib", "PasswordLib\PasswordLib.csproj", "{DEE783EC-E077-4A97-AC74-925C184AE202}"
EndProject
Global
	GlobalSection(SolutionConfigurationPlatforms) = preSolution
		Debug|Any CPU = Debug|Any CPU
		Release|Any CPU = Release|Any CPU
	EndGlobalSection
	GlobalSection(ProjectConfigurationPlatforms) = postSolution
		{5D634C83-D233-4F41-B0EF-90E2CF087F07}.Debug|Any CPU.ActiveCfg = Debug|Any CPU
		{5D634C83-D233-4F41-B0EF-90E2CF087F07}.Debug|Any CPU.Build.0 = Debug|Any CPU
		{5D634C83-D233-4F41-B0EF-90E2CF087F07}.Release|Any CPU.ActiveCfg = Release|Any CPU
		{5D634C83-D233-4F41-B0EF-90E2CF087F07}.Release|Any CPU.Build.0 = Release|Any CPU
		{BED75067-3B06-4057-A49E-84A864BD45CA}.Debug|Any CPU.ActiveCfg = Debug|Any CPU
		{BED75067-3B06-4057-A49E-84A864BD45CA}.Debug|Any CPU.Build.0 = Debug|Any CPU
		{BED75067-3B06-4057-A49E-84A864BD45CA}.Release|Any CPU.ActiveCfg = Release|Any CPU
		{BED75067-3B06-4057-A49E-84A864BD45CA}.Release|Any CPU.Build.0 = Release|Any CPU
		{DEE783EC-E077-4A97-AC74-925C184AE202}.Debug|Any CPU.ActiveCfg = Debug|Any CPU
		{DEE783EC-E077-4A97-AC74-925C184AE202}.Debug|Any CPU.Build.0 = Debug|Any CPU
		{DEE783EC-E077-4A97-AC74-925C184AE202}.Release|Any CPU.ActiveCfg = Release|Any CPU
		{DEE783EC-E077-4A97-AC74-925C184AE202}.Release|Any CPU.Build.0 = Release|Any CPU
	EndGlobalSection
	GlobalSection(SolutionProperties) = preSolution
		HideSolutionNode = FALSE
	EndGlobalSection
	GlobalSection(ExtensibilityGlobals) = postSolution
		SolutionGuid = {393BA73E-6517-4E43-A648-3C0AA5CF8902}
	EndGlobalSection
EndGlobal
